
Microsoft Visual Studio Solution File, Format Version 12.00
# Visual Studio 14
VisualStudioVersion = 14.0.23107.0
MinimumVisualStudioVersion = 10.0.40219.1
Project("{FAE04EC0-301F-11D3-BF4B-00C04F79EFBC}") = "IsraelHiking.Web", "IsrealHiking.Web\IsraelHiking.Web.csproj", "{DE18CA28-FFF7-4014-93C5-65EA40A813DA}"
EndProject
Project("{2150E333-8FDC-42A3-9474-1A3956D46DE8}") = "Solution Items", "Solution Items", "{BE348F1C-7103-4EE7-AD68-5122D12AE586}"
	ProjectSection(SolutionItems) = preProject
		.gitignore = .gitignore
		README.md = README.md
	EndProjectSection
EndProject
Global
	GlobalSection(SolutionConfigurationPlatforms) = preSolution
		Debug|Any CPU = Debug|Any CPU
		Release|Any CPU = Release|Any CPU
	EndGlobalSection
	GlobalSection(ProjectConfigurationPlatforms) = postSolution
		{DE18CA28-FFF7-4014-93C5-65EA40A813DA}.Debug|Any CPU.ActiveCfg = Debug|Any CPU
		{DE18CA28-FFF7-4014-93C5-65EA40A813DA}.Debug|Any CPU.Build.0 = Debug|Any CPU
		{DE18CA28-FFF7-4014-93C5-65EA40A813DA}.Release|Any CPU.ActiveCfg = Release|Any CPU
		{DE18CA28-FFF7-4014-93C5-65EA40A813DA}.Release|Any CPU.Build.0 = Release|Any CPU
	EndGlobalSection
	GlobalSection(SolutionProperties) = preSolution
		HideSolutionNode = FALSE
	EndGlobalSection
EndGlobal
