
Microsoft Visual Studio Solution File, Format Version 12.00
# Visual Studio 15
VisualStudioVersion = 15.0.26403.3
MinimumVisualStudioVersion = 10.0.40219.1
Project("{9A19103F-16F7-4668-BE54-9A1E7A4F7556}") = "IsraelHiking.Web", "IsraelHiking.Web\IsraelHiking.Web.csproj", "{69BFA742-B354-4493-8C9B-794C8CD14214}"
EndProject
Project("{9A19103F-16F7-4668-BE54-9A1E7A4F7556}") = "IsraelHiking.API", "IsraelHiking.API\IsraelHiking.API.csproj", "{F80CBD9D-D157-4901-A1EE-127F5A3E4CB8}"
EndProject
Project("{9A19103F-16F7-4668-BE54-9A1E7A4F7556}") = "IsraelHiking.Common", "IsraelHiking.Common\IsraelHiking.Common.csproj", "{56FDAB86-D94D-4674-B666-B1674B29A2D3}"
EndProject
Project("{9A19103F-16F7-4668-BE54-9A1E7A4F7556}") = "IsraelHiking.DataAccess", "IsraelHiking.DataAccess\IsraelHiking.DataAccess.csproj", "{0C665CAB-994F-4C23-9D06-2F815AB39E5A}"
EndProject
Project("{9A19103F-16F7-4668-BE54-9A1E7A4F7556}") = "IsraelHiking.DataAccessInterfaces", "IsraelHiking.DataAccessInterfaces\IsraelHiking.DataAccessInterfaces.csproj", "{48FA67B5-5788-436D-A910-7D82F85036AF}"
EndProject
Project("{2150E333-8FDC-42A3-9474-1A3956D46DE8}") = "Solution Items", "Solution Items", "{F82C943F-37C1-45DF-A2CF-7EFFB9C0B467}"
	ProjectSection(SolutionItems) = preProject
		.gitignore = .gitignore
		README.md = README.md
	EndProjectSection
EndProject
Project("{2150E333-8FDC-42A3-9474-1A3956D46DE8}") = "Tests", "Tests", "{F72D33D1-176B-4BC5-851A-F71C1ABA74D9}"
EndProject
Project("{9A19103F-16F7-4668-BE54-9A1E7A4F7556}") = "IsraelHiking.API.Tests", "Tests\IsraelHiking.API.Tests\IsraelHiking.API.Tests.csproj", "{8CDCB151-DBAF-4E19-804E-C0FB26A2B12B}"
EndProject
Project("{9A19103F-16F7-4668-BE54-9A1E7A4F7556}") = "IsraelHiking.DataAccess.Tests", "Tests\IsraelHiking.DataAccess.Tests\IsraelHiking.DataAccess.Tests.csproj", "{32A771F8-7A45-4359-9E22-B3CF5155C9A8}"
EndProject
Project("{2150E333-8FDC-42A3-9474-1A3956D46DE8}") = "AppVeyorBuild", "AppVeyorBuild", "{3585675D-C9A0-4E48-A11D-4B9E789A0B0A}"
	ProjectSection(SolutionItems) = preProject
		AppVeyorBuild\BuildTypescript.ps1 = AppVeyorBuild\BuildTypescript.ps1
		AppVeyorBuild\PostBuildPackArtifacts.ps1 = AppVeyorBuild\PostBuildPackArtifacts.ps1
		AppVeyorBuild\PostBuildTests.ps1 = AppVeyorBuild\PostBuildTests.ps1
	EndProjectSection
EndProject
Project("{2150E333-8FDC-42A3-9474-1A3956D46DE8}") = "docs", "docs", "{3E9EFE32-6A08-4960-AD00-83AC5FEAB259}"
	ProjectSection(SolutionItems) = preProject
		docs\faq.md = docs\faq.md
	EndProjectSection
EndProject
Global
	GlobalSection(SolutionConfigurationPlatforms) = preSolution
		Debug|Any CPU = Debug|Any CPU
		Debug|x64 = Debug|x64
		Debug|x86 = Debug|x86
		Release|Any CPU = Release|Any CPU
		Release|x64 = Release|x64
		Release|x86 = Release|x86
	EndGlobalSection
	GlobalSection(ProjectConfigurationPlatforms) = postSolution
		{69BFA742-B354-4493-8C9B-794C8CD14214}.Debug|Any CPU.ActiveCfg = Debug|Any CPU
		{69BFA742-B354-4493-8C9B-794C8CD14214}.Debug|Any CPU.Build.0 = Debug|Any CPU
		{69BFA742-B354-4493-8C9B-794C8CD14214}.Debug|x64.ActiveCfg = Debug|Any CPU
		{69BFA742-B354-4493-8C9B-794C8CD14214}.Debug|x64.Build.0 = Debug|Any CPU
		{69BFA742-B354-4493-8C9B-794C8CD14214}.Debug|x86.ActiveCfg = Debug|Any CPU
		{69BFA742-B354-4493-8C9B-794C8CD14214}.Debug|x86.Build.0 = Debug|Any CPU
		{69BFA742-B354-4493-8C9B-794C8CD14214}.Release|Any CPU.ActiveCfg = Release|Any CPU
		{69BFA742-B354-4493-8C9B-794C8CD14214}.Release|Any CPU.Build.0 = Release|Any CPU
		{69BFA742-B354-4493-8C9B-794C8CD14214}.Release|x64.ActiveCfg = Release|Any CPU
		{69BFA742-B354-4493-8C9B-794C8CD14214}.Release|x64.Build.0 = Release|Any CPU
		{69BFA742-B354-4493-8C9B-794C8CD14214}.Release|x86.ActiveCfg = Release|Any CPU
		{69BFA742-B354-4493-8C9B-794C8CD14214}.Release|x86.Build.0 = Release|Any CPU
		{F80CBD9D-D157-4901-A1EE-127F5A3E4CB8}.Debug|Any CPU.ActiveCfg = Debug|Any CPU
		{F80CBD9D-D157-4901-A1EE-127F5A3E4CB8}.Debug|Any CPU.Build.0 = Debug|Any CPU
		{F80CBD9D-D157-4901-A1EE-127F5A3E4CB8}.Debug|x64.ActiveCfg = Debug|Any CPU
		{F80CBD9D-D157-4901-A1EE-127F5A3E4CB8}.Debug|x64.Build.0 = Debug|Any CPU
		{F80CBD9D-D157-4901-A1EE-127F5A3E4CB8}.Debug|x86.ActiveCfg = Debug|Any CPU
		{F80CBD9D-D157-4901-A1EE-127F5A3E4CB8}.Debug|x86.Build.0 = Debug|Any CPU
		{F80CBD9D-D157-4901-A1EE-127F5A3E4CB8}.Release|Any CPU.ActiveCfg = Release|Any CPU
		{F80CBD9D-D157-4901-A1EE-127F5A3E4CB8}.Release|Any CPU.Build.0 = Release|Any CPU
		{F80CBD9D-D157-4901-A1EE-127F5A3E4CB8}.Release|x64.ActiveCfg = Release|Any CPU
		{F80CBD9D-D157-4901-A1EE-127F5A3E4CB8}.Release|x64.Build.0 = Release|Any CPU
		{F80CBD9D-D157-4901-A1EE-127F5A3E4CB8}.Release|x86.ActiveCfg = Release|Any CPU
		{F80CBD9D-D157-4901-A1EE-127F5A3E4CB8}.Release|x86.Build.0 = Release|Any CPU
		{56FDAB86-D94D-4674-B666-B1674B29A2D3}.Debug|Any CPU.ActiveCfg = Debug|Any CPU
		{56FDAB86-D94D-4674-B666-B1674B29A2D3}.Debug|Any CPU.Build.0 = Debug|Any CPU
		{56FDAB86-D94D-4674-B666-B1674B29A2D3}.Debug|x64.ActiveCfg = Debug|Any CPU
		{56FDAB86-D94D-4674-B666-B1674B29A2D3}.Debug|x64.Build.0 = Debug|Any CPU
		{56FDAB86-D94D-4674-B666-B1674B29A2D3}.Debug|x86.ActiveCfg = Debug|Any CPU
		{56FDAB86-D94D-4674-B666-B1674B29A2D3}.Debug|x86.Build.0 = Debug|Any CPU
		{56FDAB86-D94D-4674-B666-B1674B29A2D3}.Release|Any CPU.ActiveCfg = Release|Any CPU
		{56FDAB86-D94D-4674-B666-B1674B29A2D3}.Release|Any CPU.Build.0 = Release|Any CPU
		{56FDAB86-D94D-4674-B666-B1674B29A2D3}.Release|x64.ActiveCfg = Release|Any CPU
		{56FDAB86-D94D-4674-B666-B1674B29A2D3}.Release|x64.Build.0 = Release|Any CPU
		{56FDAB86-D94D-4674-B666-B1674B29A2D3}.Release|x86.ActiveCfg = Release|Any CPU
		{56FDAB86-D94D-4674-B666-B1674B29A2D3}.Release|x86.Build.0 = Release|Any CPU
		{0C665CAB-994F-4C23-9D06-2F815AB39E5A}.Debug|Any CPU.ActiveCfg = Debug|Any CPU
		{0C665CAB-994F-4C23-9D06-2F815AB39E5A}.Debug|Any CPU.Build.0 = Debug|Any CPU
		{0C665CAB-994F-4C23-9D06-2F815AB39E5A}.Debug|x64.ActiveCfg = Debug|Any CPU
		{0C665CAB-994F-4C23-9D06-2F815AB39E5A}.Debug|x64.Build.0 = Debug|Any CPU
		{0C665CAB-994F-4C23-9D06-2F815AB39E5A}.Debug|x86.ActiveCfg = Debug|Any CPU
		{0C665CAB-994F-4C23-9D06-2F815AB39E5A}.Debug|x86.Build.0 = Debug|Any CPU
		{0C665CAB-994F-4C23-9D06-2F815AB39E5A}.Release|Any CPU.ActiveCfg = Release|Any CPU
		{0C665CAB-994F-4C23-9D06-2F815AB39E5A}.Release|Any CPU.Build.0 = Release|Any CPU
		{0C665CAB-994F-4C23-9D06-2F815AB39E5A}.Release|x64.ActiveCfg = Release|Any CPU
		{0C665CAB-994F-4C23-9D06-2F815AB39E5A}.Release|x64.Build.0 = Release|Any CPU
		{0C665CAB-994F-4C23-9D06-2F815AB39E5A}.Release|x86.ActiveCfg = Release|Any CPU
		{0C665CAB-994F-4C23-9D06-2F815AB39E5A}.Release|x86.Build.0 = Release|Any CPU
		{48FA67B5-5788-436D-A910-7D82F85036AF}.Debug|Any CPU.ActiveCfg = Debug|Any CPU
		{48FA67B5-5788-436D-A910-7D82F85036AF}.Debug|Any CPU.Build.0 = Debug|Any CPU
		{48FA67B5-5788-436D-A910-7D82F85036AF}.Debug|x64.ActiveCfg = Debug|Any CPU
		{48FA67B5-5788-436D-A910-7D82F85036AF}.Debug|x64.Build.0 = Debug|Any CPU
		{48FA67B5-5788-436D-A910-7D82F85036AF}.Debug|x86.ActiveCfg = Debug|Any CPU
		{48FA67B5-5788-436D-A910-7D82F85036AF}.Debug|x86.Build.0 = Debug|Any CPU
		{48FA67B5-5788-436D-A910-7D82F85036AF}.Release|Any CPU.ActiveCfg = Release|Any CPU
		{48FA67B5-5788-436D-A910-7D82F85036AF}.Release|Any CPU.Build.0 = Release|Any CPU
		{48FA67B5-5788-436D-A910-7D82F85036AF}.Release|x64.ActiveCfg = Release|Any CPU
		{48FA67B5-5788-436D-A910-7D82F85036AF}.Release|x64.Build.0 = Release|Any CPU
		{48FA67B5-5788-436D-A910-7D82F85036AF}.Release|x86.ActiveCfg = Release|Any CPU
		{48FA67B5-5788-436D-A910-7D82F85036AF}.Release|x86.Build.0 = Release|Any CPU
		{8CDCB151-DBAF-4E19-804E-C0FB26A2B12B}.Debug|Any CPU.ActiveCfg = Debug|Any CPU
		{8CDCB151-DBAF-4E19-804E-C0FB26A2B12B}.Debug|Any CPU.Build.0 = Debug|Any CPU
		{8CDCB151-DBAF-4E19-804E-C0FB26A2B12B}.Debug|x64.ActiveCfg = Debug|Any CPU
		{8CDCB151-DBAF-4E19-804E-C0FB26A2B12B}.Debug|x64.Build.0 = Debug|Any CPU
		{8CDCB151-DBAF-4E19-804E-C0FB26A2B12B}.Debug|x86.ActiveCfg = Debug|Any CPU
		{8CDCB151-DBAF-4E19-804E-C0FB26A2B12B}.Debug|x86.Build.0 = Debug|Any CPU
		{8CDCB151-DBAF-4E19-804E-C0FB26A2B12B}.Release|Any CPU.ActiveCfg = Release|Any CPU
		{8CDCB151-DBAF-4E19-804E-C0FB26A2B12B}.Release|Any CPU.Build.0 = Release|Any CPU
		{8CDCB151-DBAF-4E19-804E-C0FB26A2B12B}.Release|x64.ActiveCfg = Release|Any CPU
		{8CDCB151-DBAF-4E19-804E-C0FB26A2B12B}.Release|x64.Build.0 = Release|Any CPU
		{8CDCB151-DBAF-4E19-804E-C0FB26A2B12B}.Release|x86.ActiveCfg = Release|Any CPU
		{8CDCB151-DBAF-4E19-804E-C0FB26A2B12B}.Release|x86.Build.0 = Release|Any CPU
		{32A771F8-7A45-4359-9E22-B3CF5155C9A8}.Debug|Any CPU.ActiveCfg = Debug|Any CPU
		{32A771F8-7A45-4359-9E22-B3CF5155C9A8}.Debug|Any CPU.Build.0 = Debug|Any CPU
		{32A771F8-7A45-4359-9E22-B3CF5155C9A8}.Debug|x64.ActiveCfg = Debug|Any CPU
		{32A771F8-7A45-4359-9E22-B3CF5155C9A8}.Debug|x64.Build.0 = Debug|Any CPU
		{32A771F8-7A45-4359-9E22-B3CF5155C9A8}.Debug|x86.ActiveCfg = Debug|Any CPU
		{32A771F8-7A45-4359-9E22-B3CF5155C9A8}.Debug|x86.Build.0 = Debug|Any CPU
		{32A771F8-7A45-4359-9E22-B3CF5155C9A8}.Release|Any CPU.ActiveCfg = Release|Any CPU
		{32A771F8-7A45-4359-9E22-B3CF5155C9A8}.Release|Any CPU.Build.0 = Release|Any CPU
		{32A771F8-7A45-4359-9E22-B3CF5155C9A8}.Release|x64.ActiveCfg = Release|Any CPU
		{32A771F8-7A45-4359-9E22-B3CF5155C9A8}.Release|x64.Build.0 = Release|Any CPU
		{32A771F8-7A45-4359-9E22-B3CF5155C9A8}.Release|x86.ActiveCfg = Release|Any CPU
		{32A771F8-7A45-4359-9E22-B3CF5155C9A8}.Release|x86.Build.0 = Release|Any CPU
	EndGlobalSection
	GlobalSection(SolutionProperties) = preSolution
		HideSolutionNode = FALSE
	EndGlobalSection
	GlobalSection(NestedProjects) = preSolution
		{8CDCB151-DBAF-4E19-804E-C0FB26A2B12B} = {F72D33D1-176B-4BC5-851A-F71C1ABA74D9}
		{32A771F8-7A45-4359-9E22-B3CF5155C9A8} = {F72D33D1-176B-4BC5-851A-F71C1ABA74D9}
		{3585675D-C9A0-4E48-A11D-4B9E789A0B0A} = {F82C943F-37C1-45DF-A2CF-7EFFB9C0B467}
		{3E9EFE32-6A08-4960-AD00-83AC5FEAB259} = {F82C943F-37C1-45DF-A2CF-7EFFB9C0B467}
	EndGlobalSection
EndGlobal
