
Microsoft Visual Studio Solution File, Format Version 12.00
# Visual Studio 14
VisualStudioVersion = 14.0.24720.0
MinimumVisualStudioVersion = 10.0.40219.1
Project("{FAE04EC0-301F-11D3-BF4B-00C04F79EFBC}") = "IsraelHiking.Web", "IsrealHiking.Web\IsraelHiking.Web.csproj", "{DE18CA28-FFF7-4014-93C5-65EA40A813DA}"
EndProject
Project("{2150E333-8FDC-42A3-9474-1A3956D46DE8}") = "Solution Items", "Solution Items", "{BE348F1C-7103-4EE7-AD68-5122D12AE586}"
	ProjectSection(SolutionItems) = preProject
		.gitignore = .gitignore
		chutzpah.json = chutzpah.json
		OpenCover\OpenCover.UI.config = OpenCover\OpenCover.UI.config
		README.md = README.md
	EndProjectSection
EndProject
Project("{FAE04EC0-301F-11D3-BF4B-00C04F79EFBC}") = "IsraelHiking.DataAccess", "IsraelHiking.DataAccess\IsraelHiking.DataAccess.csproj", "{432A397C-869C-4045-ACD7-09051745D62C}"
EndProject
Project("{2150E333-8FDC-42A3-9474-1A3956D46DE8}") = "Tests", "Tests", "{5956C622-21F0-4D15-88E5-6FA02724205F}"
EndProject
Project("{FAE04EC0-301F-11D3-BF4B-00C04F79EFBC}") = "IsraelHiking.DataAccessInterfaces", "IsraelHiking.DataAccessInterfaces\IsraelHiking.DataAccessInterfaces.csproj", "{7D11A010-CA5A-48EE-AA2A-BF063CCA4ECF}"
EndProject
Project("{FAE04EC0-301F-11D3-BF4B-00C04F79EFBC}") = "IsraelHiking.Common", "IsraelHiking.Common\IsraelHiking.Common.csproj", "{37179794-EADA-4067-88D6-C495D1950C19}"
EndProject
Project("{FAE04EC0-301F-11D3-BF4B-00C04F79EFBC}") = "IsraelHiking.API", "IsraelHiking.API\IsraelHiking.API.csproj", "{9A4BB0A7-D567-4B56-9EC0-ABB37A570147}"
EndProject
Project("{FAE04EC0-301F-11D3-BF4B-00C04F79EFBC}") = "IsraelHiking.API.Tests", "Tests\IsraelHiking.API.Tests\IsraelHiking.API.Tests.csproj", "{DC28D374-5073-4560-98B1-B1DFA4E6F983}"
EndProject
Project("{FAE04EC0-301F-11D3-BF4B-00C04F79EFBC}") = "IsraelHiking.DataAccess.Tests", "Tests\IsraelHiking.DataAccess.Tests\IsraelHiking.DataAccess.Tests.csproj", "{6CD254EE-D39C-4DE6-8C01-8260ED488E26}"
EndProject
Project("{FAE04EC0-301F-11D3-BF4B-00C04F79EFBC}") = "IsraelHiking.Web.Tests", "Tests\IsraelHiking.Web.Tests\IsraelHiking.Web.Tests.csproj", "{7A57D6B6-3E18-4FA7-AC64-93403CEFD685}"
EndProject
Project("{FAE04EC0-301F-11D3-BF4B-00C04F79EFBC}") = "IsraelHiking.Updater", "IsraelHiking.Updater\IsraelHiking.Updater.csproj", "{5A90CC1C-F51D-4663-B2A9-4C260873B570}"
EndProject
Global
	GlobalSection(SolutionConfigurationPlatforms) = preSolution
		Debug|Any CPU = Debug|Any CPU
		Debug|x64 = Debug|x64
		Debug|x86 = Debug|x86
		OSM2012|Any CPU = OSM2012|Any CPU
		OSM2012|x64 = OSM2012|x64
		OSM2012|x86 = OSM2012|x86
		Release|Any CPU = Release|Any CPU
		Release|x64 = Release|x64
		Release|x86 = Release|x86
	EndGlobalSection
	GlobalSection(ProjectConfigurationPlatforms) = postSolution
		{DE18CA28-FFF7-4014-93C5-65EA40A813DA}.Debug|Any CPU.ActiveCfg = Debug|Any CPU
		{DE18CA28-FFF7-4014-93C5-65EA40A813DA}.Debug|Any CPU.Build.0 = Debug|Any CPU
		{DE18CA28-FFF7-4014-93C5-65EA40A813DA}.Debug|x64.ActiveCfg = Debug|Any CPU
		{DE18CA28-FFF7-4014-93C5-65EA40A813DA}.Debug|x64.Build.0 = Debug|Any CPU
		{DE18CA28-FFF7-4014-93C5-65EA40A813DA}.Debug|x86.ActiveCfg = Debug|Any CPU
		{DE18CA28-FFF7-4014-93C5-65EA40A813DA}.Debug|x86.Build.0 = Debug|Any CPU
		{DE18CA28-FFF7-4014-93C5-65EA40A813DA}.OSM2012|Any CPU.ActiveCfg = OSM2012|Any CPU
		{DE18CA28-FFF7-4014-93C5-65EA40A813DA}.OSM2012|Any CPU.Build.0 = OSM2012|Any CPU
		{DE18CA28-FFF7-4014-93C5-65EA40A813DA}.OSM2012|x64.ActiveCfg = OSM2012|Any CPU
		{DE18CA28-FFF7-4014-93C5-65EA40A813DA}.OSM2012|x64.Build.0 = OSM2012|Any CPU
		{DE18CA28-FFF7-4014-93C5-65EA40A813DA}.OSM2012|x86.ActiveCfg = OSM2012|Any CPU
		{DE18CA28-FFF7-4014-93C5-65EA40A813DA}.OSM2012|x86.Build.0 = OSM2012|Any CPU
		{DE18CA28-FFF7-4014-93C5-65EA40A813DA}.Release|Any CPU.ActiveCfg = Release|Any CPU
		{DE18CA28-FFF7-4014-93C5-65EA40A813DA}.Release|Any CPU.Build.0 = Release|Any CPU
		{DE18CA28-FFF7-4014-93C5-65EA40A813DA}.Release|x64.ActiveCfg = Release|Any CPU
		{DE18CA28-FFF7-4014-93C5-65EA40A813DA}.Release|x64.Build.0 = Release|Any CPU
		{DE18CA28-FFF7-4014-93C5-65EA40A813DA}.Release|x86.ActiveCfg = Release|Any CPU
		{DE18CA28-FFF7-4014-93C5-65EA40A813DA}.Release|x86.Build.0 = Release|Any CPU
		{432A397C-869C-4045-ACD7-09051745D62C}.Debug|Any CPU.ActiveCfg = Debug|Any CPU
		{432A397C-869C-4045-ACD7-09051745D62C}.Debug|Any CPU.Build.0 = Debug|Any CPU
		{432A397C-869C-4045-ACD7-09051745D62C}.Debug|x64.ActiveCfg = Debug|Any CPU
		{432A397C-869C-4045-ACD7-09051745D62C}.Debug|x64.Build.0 = Debug|Any CPU
		{432A397C-869C-4045-ACD7-09051745D62C}.Debug|x86.ActiveCfg = Debug|Any CPU
		{432A397C-869C-4045-ACD7-09051745D62C}.Debug|x86.Build.0 = Debug|Any CPU
		{432A397C-869C-4045-ACD7-09051745D62C}.OSM2012|Any CPU.ActiveCfg = OSM2012|Any CPU
		{432A397C-869C-4045-ACD7-09051745D62C}.OSM2012|Any CPU.Build.0 = OSM2012|Any CPU
		{432A397C-869C-4045-ACD7-09051745D62C}.OSM2012|x64.ActiveCfg = OSM2012|Any CPU
		{432A397C-869C-4045-ACD7-09051745D62C}.OSM2012|x64.Build.0 = OSM2012|Any CPU
		{432A397C-869C-4045-ACD7-09051745D62C}.OSM2012|x86.ActiveCfg = OSM2012|Any CPU
		{432A397C-869C-4045-ACD7-09051745D62C}.OSM2012|x86.Build.0 = OSM2012|Any CPU
		{432A397C-869C-4045-ACD7-09051745D62C}.Release|Any CPU.ActiveCfg = Release|Any CPU
		{432A397C-869C-4045-ACD7-09051745D62C}.Release|Any CPU.Build.0 = Release|Any CPU
		{432A397C-869C-4045-ACD7-09051745D62C}.Release|x64.ActiveCfg = Release|Any CPU
		{432A397C-869C-4045-ACD7-09051745D62C}.Release|x64.Build.0 = Release|Any CPU
		{432A397C-869C-4045-ACD7-09051745D62C}.Release|x86.ActiveCfg = Release|Any CPU
		{432A397C-869C-4045-ACD7-09051745D62C}.Release|x86.Build.0 = Release|Any CPU
		{7D11A010-CA5A-48EE-AA2A-BF063CCA4ECF}.Debug|Any CPU.ActiveCfg = Debug|Any CPU
		{7D11A010-CA5A-48EE-AA2A-BF063CCA4ECF}.Debug|Any CPU.Build.0 = Debug|Any CPU
		{7D11A010-CA5A-48EE-AA2A-BF063CCA4ECF}.Debug|x64.ActiveCfg = Debug|Any CPU
		{7D11A010-CA5A-48EE-AA2A-BF063CCA4ECF}.Debug|x64.Build.0 = Debug|Any CPU
		{7D11A010-CA5A-48EE-AA2A-BF063CCA4ECF}.Debug|x86.ActiveCfg = Debug|Any CPU
		{7D11A010-CA5A-48EE-AA2A-BF063CCA4ECF}.Debug|x86.Build.0 = Debug|Any CPU
		{7D11A010-CA5A-48EE-AA2A-BF063CCA4ECF}.OSM2012|Any CPU.ActiveCfg = Release|Any CPU
		{7D11A010-CA5A-48EE-AA2A-BF063CCA4ECF}.OSM2012|Any CPU.Build.0 = Release|Any CPU
		{7D11A010-CA5A-48EE-AA2A-BF063CCA4ECF}.OSM2012|x64.ActiveCfg = Release|Any CPU
		{7D11A010-CA5A-48EE-AA2A-BF063CCA4ECF}.OSM2012|x64.Build.0 = Release|Any CPU
		{7D11A010-CA5A-48EE-AA2A-BF063CCA4ECF}.OSM2012|x86.ActiveCfg = Release|Any CPU
		{7D11A010-CA5A-48EE-AA2A-BF063CCA4ECF}.OSM2012|x86.Build.0 = Release|Any CPU
		{7D11A010-CA5A-48EE-AA2A-BF063CCA4ECF}.Release|Any CPU.ActiveCfg = Release|Any CPU
		{7D11A010-CA5A-48EE-AA2A-BF063CCA4ECF}.Release|Any CPU.Build.0 = Release|Any CPU
		{7D11A010-CA5A-48EE-AA2A-BF063CCA4ECF}.Release|x64.ActiveCfg = Release|Any CPU
		{7D11A010-CA5A-48EE-AA2A-BF063CCA4ECF}.Release|x64.Build.0 = Release|Any CPU
		{7D11A010-CA5A-48EE-AA2A-BF063CCA4ECF}.Release|x86.ActiveCfg = Release|Any CPU
		{7D11A010-CA5A-48EE-AA2A-BF063CCA4ECF}.Release|x86.Build.0 = Release|Any CPU
		{37179794-EADA-4067-88D6-C495D1950C19}.Debug|Any CPU.ActiveCfg = Debug|Any CPU
		{37179794-EADA-4067-88D6-C495D1950C19}.Debug|Any CPU.Build.0 = Debug|Any CPU
		{37179794-EADA-4067-88D6-C495D1950C19}.Debug|x64.ActiveCfg = Debug|Any CPU
		{37179794-EADA-4067-88D6-C495D1950C19}.Debug|x64.Build.0 = Debug|Any CPU
		{37179794-EADA-4067-88D6-C495D1950C19}.Debug|x86.ActiveCfg = Debug|Any CPU
		{37179794-EADA-4067-88D6-C495D1950C19}.Debug|x86.Build.0 = Debug|Any CPU
		{37179794-EADA-4067-88D6-C495D1950C19}.OSM2012|Any CPU.ActiveCfg = Release|Any CPU
		{37179794-EADA-4067-88D6-C495D1950C19}.OSM2012|Any CPU.Build.0 = Release|Any CPU
		{37179794-EADA-4067-88D6-C495D1950C19}.OSM2012|x64.ActiveCfg = Release|Any CPU
		{37179794-EADA-4067-88D6-C495D1950C19}.OSM2012|x64.Build.0 = Release|Any CPU
		{37179794-EADA-4067-88D6-C495D1950C19}.OSM2012|x86.ActiveCfg = Release|Any CPU
		{37179794-EADA-4067-88D6-C495D1950C19}.OSM2012|x86.Build.0 = Release|Any CPU
		{37179794-EADA-4067-88D6-C495D1950C19}.Release|Any CPU.ActiveCfg = Release|Any CPU
		{37179794-EADA-4067-88D6-C495D1950C19}.Release|Any CPU.Build.0 = Release|Any CPU
		{37179794-EADA-4067-88D6-C495D1950C19}.Release|x64.ActiveCfg = Release|Any CPU
		{37179794-EADA-4067-88D6-C495D1950C19}.Release|x64.Build.0 = Release|Any CPU
		{37179794-EADA-4067-88D6-C495D1950C19}.Release|x86.ActiveCfg = Release|Any CPU
		{37179794-EADA-4067-88D6-C495D1950C19}.Release|x86.Build.0 = Release|Any CPU
		{9A4BB0A7-D567-4B56-9EC0-ABB37A570147}.Debug|Any CPU.ActiveCfg = Debug|Any CPU
		{9A4BB0A7-D567-4B56-9EC0-ABB37A570147}.Debug|Any CPU.Build.0 = Debug|Any CPU
		{9A4BB0A7-D567-4B56-9EC0-ABB37A570147}.Debug|x64.ActiveCfg = Debug|Any CPU
		{9A4BB0A7-D567-4B56-9EC0-ABB37A570147}.Debug|x64.Build.0 = Debug|Any CPU
		{9A4BB0A7-D567-4B56-9EC0-ABB37A570147}.Debug|x86.ActiveCfg = Debug|Any CPU
		{9A4BB0A7-D567-4B56-9EC0-ABB37A570147}.Debug|x86.Build.0 = Debug|Any CPU
		{9A4BB0A7-D567-4B56-9EC0-ABB37A570147}.OSM2012|Any CPU.ActiveCfg = Release|Any CPU
		{9A4BB0A7-D567-4B56-9EC0-ABB37A570147}.OSM2012|Any CPU.Build.0 = Release|Any CPU
		{9A4BB0A7-D567-4B56-9EC0-ABB37A570147}.OSM2012|x64.ActiveCfg = Release|Any CPU
		{9A4BB0A7-D567-4B56-9EC0-ABB37A570147}.OSM2012|x64.Build.0 = Release|Any CPU
		{9A4BB0A7-D567-4B56-9EC0-ABB37A570147}.OSM2012|x86.ActiveCfg = Release|Any CPU
		{9A4BB0A7-D567-4B56-9EC0-ABB37A570147}.OSM2012|x86.Build.0 = Release|Any CPU
		{9A4BB0A7-D567-4B56-9EC0-ABB37A570147}.Release|Any CPU.ActiveCfg = Release|Any CPU
		{9A4BB0A7-D567-4B56-9EC0-ABB37A570147}.Release|Any CPU.Build.0 = Release|Any CPU
		{9A4BB0A7-D567-4B56-9EC0-ABB37A570147}.Release|x64.ActiveCfg = Release|Any CPU
		{9A4BB0A7-D567-4B56-9EC0-ABB37A570147}.Release|x64.Build.0 = Release|Any CPU
		{9A4BB0A7-D567-4B56-9EC0-ABB37A570147}.Release|x86.ActiveCfg = Release|Any CPU
		{9A4BB0A7-D567-4B56-9EC0-ABB37A570147}.Release|x86.Build.0 = Release|Any CPU
		{DC28D374-5073-4560-98B1-B1DFA4E6F983}.Debug|Any CPU.ActiveCfg = Debug|Any CPU
		{DC28D374-5073-4560-98B1-B1DFA4E6F983}.Debug|Any CPU.Build.0 = Debug|Any CPU
		{DC28D374-5073-4560-98B1-B1DFA4E6F983}.Debug|x64.ActiveCfg = Debug|Any CPU
		{DC28D374-5073-4560-98B1-B1DFA4E6F983}.Debug|x64.Build.0 = Debug|Any CPU
		{DC28D374-5073-4560-98B1-B1DFA4E6F983}.Debug|x86.ActiveCfg = Debug|Any CPU
		{DC28D374-5073-4560-98B1-B1DFA4E6F983}.Debug|x86.Build.0 = Debug|Any CPU
		{DC28D374-5073-4560-98B1-B1DFA4E6F983}.OSM2012|Any CPU.ActiveCfg = Release|Any CPU
		{DC28D374-5073-4560-98B1-B1DFA4E6F983}.OSM2012|Any CPU.Build.0 = Release|Any CPU
		{DC28D374-5073-4560-98B1-B1DFA4E6F983}.OSM2012|x64.ActiveCfg = Release|Any CPU
		{DC28D374-5073-4560-98B1-B1DFA4E6F983}.OSM2012|x64.Build.0 = Release|Any CPU
		{DC28D374-5073-4560-98B1-B1DFA4E6F983}.OSM2012|x86.ActiveCfg = Release|Any CPU
		{DC28D374-5073-4560-98B1-B1DFA4E6F983}.OSM2012|x86.Build.0 = Release|Any CPU
		{DC28D374-5073-4560-98B1-B1DFA4E6F983}.Release|Any CPU.ActiveCfg = Release|Any CPU
		{DC28D374-5073-4560-98B1-B1DFA4E6F983}.Release|Any CPU.Build.0 = Release|Any CPU
		{DC28D374-5073-4560-98B1-B1DFA4E6F983}.Release|x64.ActiveCfg = Release|Any CPU
		{DC28D374-5073-4560-98B1-B1DFA4E6F983}.Release|x64.Build.0 = Release|Any CPU
		{DC28D374-5073-4560-98B1-B1DFA4E6F983}.Release|x86.ActiveCfg = Release|Any CPU
		{DC28D374-5073-4560-98B1-B1DFA4E6F983}.Release|x86.Build.0 = Release|Any CPU
		{6CD254EE-D39C-4DE6-8C01-8260ED488E26}.Debug|Any CPU.ActiveCfg = Debug|Any CPU
		{6CD254EE-D39C-4DE6-8C01-8260ED488E26}.Debug|Any CPU.Build.0 = Debug|Any CPU
		{6CD254EE-D39C-4DE6-8C01-8260ED488E26}.Debug|x64.ActiveCfg = Debug|Any CPU
		{6CD254EE-D39C-4DE6-8C01-8260ED488E26}.Debug|x64.Build.0 = Debug|Any CPU
		{6CD254EE-D39C-4DE6-8C01-8260ED488E26}.Debug|x86.ActiveCfg = Debug|Any CPU
		{6CD254EE-D39C-4DE6-8C01-8260ED488E26}.Debug|x86.Build.0 = Debug|Any CPU
		{6CD254EE-D39C-4DE6-8C01-8260ED488E26}.OSM2012|Any CPU.ActiveCfg = OSM2012|Any CPU
		{6CD254EE-D39C-4DE6-8C01-8260ED488E26}.OSM2012|Any CPU.Build.0 = OSM2012|Any CPU
		{6CD254EE-D39C-4DE6-8C01-8260ED488E26}.OSM2012|x64.ActiveCfg = OSM2012|Any CPU
		{6CD254EE-D39C-4DE6-8C01-8260ED488E26}.OSM2012|x64.Build.0 = OSM2012|Any CPU
		{6CD254EE-D39C-4DE6-8C01-8260ED488E26}.OSM2012|x86.ActiveCfg = OSM2012|Any CPU
		{6CD254EE-D39C-4DE6-8C01-8260ED488E26}.OSM2012|x86.Build.0 = OSM2012|Any CPU
		{6CD254EE-D39C-4DE6-8C01-8260ED488E26}.Release|Any CPU.ActiveCfg = Release|Any CPU
		{6CD254EE-D39C-4DE6-8C01-8260ED488E26}.Release|Any CPU.Build.0 = Release|Any CPU
		{6CD254EE-D39C-4DE6-8C01-8260ED488E26}.Release|x64.ActiveCfg = Release|Any CPU
		{6CD254EE-D39C-4DE6-8C01-8260ED488E26}.Release|x64.Build.0 = Release|Any CPU
		{6CD254EE-D39C-4DE6-8C01-8260ED488E26}.Release|x86.ActiveCfg = Release|Any CPU
		{6CD254EE-D39C-4DE6-8C01-8260ED488E26}.Release|x86.Build.0 = Release|Any CPU
		{7A57D6B6-3E18-4FA7-AC64-93403CEFD685}.Debug|Any CPU.ActiveCfg = Debug|Any CPU
		{7A57D6B6-3E18-4FA7-AC64-93403CEFD685}.Debug|Any CPU.Build.0 = Debug|Any CPU
		{7A57D6B6-3E18-4FA7-AC64-93403CEFD685}.Debug|x64.ActiveCfg = Debug|Any CPU
		{7A57D6B6-3E18-4FA7-AC64-93403CEFD685}.Debug|x64.Build.0 = Debug|Any CPU
		{7A57D6B6-3E18-4FA7-AC64-93403CEFD685}.Debug|x86.ActiveCfg = Debug|Any CPU
		{7A57D6B6-3E18-4FA7-AC64-93403CEFD685}.Debug|x86.Build.0 = Debug|Any CPU
		{7A57D6B6-3E18-4FA7-AC64-93403CEFD685}.OSM2012|Any CPU.ActiveCfg = Release|Any CPU
		{7A57D6B6-3E18-4FA7-AC64-93403CEFD685}.OSM2012|Any CPU.Build.0 = Release|Any CPU
		{7A57D6B6-3E18-4FA7-AC64-93403CEFD685}.OSM2012|x64.ActiveCfg = Release|Any CPU
		{7A57D6B6-3E18-4FA7-AC64-93403CEFD685}.OSM2012|x64.Build.0 = Release|Any CPU
		{7A57D6B6-3E18-4FA7-AC64-93403CEFD685}.OSM2012|x86.ActiveCfg = Release|Any CPU
		{7A57D6B6-3E18-4FA7-AC64-93403CEFD685}.OSM2012|x86.Build.0 = Release|Any CPU
		{7A57D6B6-3E18-4FA7-AC64-93403CEFD685}.Release|Any CPU.ActiveCfg = Release|Any CPU
		{7A57D6B6-3E18-4FA7-AC64-93403CEFD685}.Release|Any CPU.Build.0 = Release|Any CPU
		{7A57D6B6-3E18-4FA7-AC64-93403CEFD685}.Release|x64.ActiveCfg = Release|Any CPU
		{7A57D6B6-3E18-4FA7-AC64-93403CEFD685}.Release|x64.Build.0 = Release|Any CPU
		{7A57D6B6-3E18-4FA7-AC64-93403CEFD685}.Release|x86.ActiveCfg = Release|Any CPU
		{7A57D6B6-3E18-4FA7-AC64-93403CEFD685}.Release|x86.Build.0 = Release|Any CPU
		{5A90CC1C-F51D-4663-B2A9-4C260873B570}.Debug|Any CPU.ActiveCfg = Debug|Any CPU
		{5A90CC1C-F51D-4663-B2A9-4C260873B570}.Debug|Any CPU.Build.0 = Debug|Any CPU
		{5A90CC1C-F51D-4663-B2A9-4C260873B570}.Debug|x64.ActiveCfg = Debug|Any CPU
		{5A90CC1C-F51D-4663-B2A9-4C260873B570}.Debug|x64.Build.0 = Debug|Any CPU
		{5A90CC1C-F51D-4663-B2A9-4C260873B570}.Debug|x86.ActiveCfg = Debug|Any CPU
		{5A90CC1C-F51D-4663-B2A9-4C260873B570}.Debug|x86.Build.0 = Debug|Any CPU
		{5A90CC1C-F51D-4663-B2A9-4C260873B570}.OSM2012|Any CPU.ActiveCfg = Release|Any CPU
		{5A90CC1C-F51D-4663-B2A9-4C260873B570}.OSM2012|Any CPU.Build.0 = Release|Any CPU
		{5A90CC1C-F51D-4663-B2A9-4C260873B570}.OSM2012|x64.ActiveCfg = Release|Any CPU
		{5A90CC1C-F51D-4663-B2A9-4C260873B570}.OSM2012|x64.Build.0 = Release|Any CPU
		{5A90CC1C-F51D-4663-B2A9-4C260873B570}.OSM2012|x86.ActiveCfg = Release|Any CPU
		{5A90CC1C-F51D-4663-B2A9-4C260873B570}.OSM2012|x86.Build.0 = Release|Any CPU
		{5A90CC1C-F51D-4663-B2A9-4C260873B570}.Release|Any CPU.ActiveCfg = Release|Any CPU
		{5A90CC1C-F51D-4663-B2A9-4C260873B570}.Release|Any CPU.Build.0 = Release|Any CPU
		{5A90CC1C-F51D-4663-B2A9-4C260873B570}.Release|x64.ActiveCfg = Release|Any CPU
		{5A90CC1C-F51D-4663-B2A9-4C260873B570}.Release|x64.Build.0 = Release|Any CPU
		{5A90CC1C-F51D-4663-B2A9-4C260873B570}.Release|x86.ActiveCfg = Release|Any CPU
		{5A90CC1C-F51D-4663-B2A9-4C260873B570}.Release|x86.Build.0 = Release|Any CPU
	EndGlobalSection
	GlobalSection(SolutionProperties) = preSolution
		HideSolutionNode = FALSE
	EndGlobalSection
	GlobalSection(NestedProjects) = preSolution
		{DC28D374-5073-4560-98B1-B1DFA4E6F983} = {5956C622-21F0-4D15-88E5-6FA02724205F}
		{6CD254EE-D39C-4DE6-8C01-8260ED488E26} = {5956C622-21F0-4D15-88E5-6FA02724205F}
		{7A57D6B6-3E18-4FA7-AC64-93403CEFD685} = {5956C622-21F0-4D15-88E5-6FA02724205F}
	EndGlobalSection
EndGlobal
