{
  "name": "Site",
  "lockfileVersion": 3,
  "requires": true,
  "packages": {
    "": {
      "dependencies": {
        "osm2geojson-lite": "^0.9.4"
      }
    },
    "node_modules/@types/geojson": {
      "version": "1.0.6",
      "resolved": "https://registry.npmjs.org/@types/geojson/-/geojson-1.0.6.tgz",
      "integrity": "sha512-Xqg/lIZMrUd0VRmSRbCAewtwGZiAk3mEUDvV4op1tGl+LvyPcb/MIOSxTl9z+9+J+R4/vpjiCAT4xeKzH9ji1w==",
      "optional": true
    },
    "node_modules/osm2geojson-lite": {
      "version": "0.9.4",
      "resolved": "https://registry.npmjs.org/osm2geojson-lite/-/osm2geojson-lite-0.9.4.tgz",
      "integrity": "sha512-qRGknILD+Ym2v4KRAMp6Yp3ypFTWpGmK7UnNdWo/GRZ7CMG/u8bewInj6UQ98byVN89YY5i6xvgA7cMO4N09bg==",
      "bin": {
        "osm2geojson-lite": "osm2geojson-lite"
      },
      "optionalDependencies": {
        "@types/geojson": "^1.0.6"
      }
    }
  }
}
