PODS:
  - Capacitor (5.4.2):
    - CapacitorCordova
  - CapacitorApp (5.0.6):
    - Capacitor
  - CapacitorCamera (5.0.7):
    - Capacitor
  - CapacitorCommunityKeepAwake (4.0.0):
    - Capacitor
  - CapacitorCommunityScreenBrightness (5.0.0):
    - Capacitor
  - CapacitorCommunitySqlite (5.4.0):
    - Capacitor
    - SQLCipher
    - ZIPFoundation
  - CapacitorCordova (5.4.2)
  - CapacitorDevice (5.0.6):
    - Capacitor
  - CapacitorTextZoom (5.0.6):
    - Capacitor
  - CapgoNativeAudio (6.0.21):
    - Capacitor
  - CordovaPlugins (5.4.2):
    - CapacitorCordova
  - SQLCipher (4.5.3):
    - SQLCipher/standard (= 4.5.3)
  - SQLCipher/common (4.5.3)
  - SQLCipher/standard (4.5.3):
    - SQLCipher/common
  - ZIPFoundation (0.9.16)

DEPENDENCIES:
  - "Capacitor (from `../../node_modules/@capacitor/ios`)"
  - "CapacitorApp (from `../../node_modules/@capacitor/app`)"
  - "CapacitorCamera (from `../../node_modules/@capacitor/camera`)"
  - "CapacitorCommunityKeepAwake (from `../../node_modules/@capacitor-community/keep-awake`)"
  - "CapacitorCommunityScreenBrightness (from `../../node_modules/@capacitor-community/screen-brightness`)"
  - "CapacitorCommunitySqlite (from `../../node_modules/@capacitor-community/sqlite`)"
  - "CapacitorCordova (from `../../node_modules/@capacitor/ios`)"
  - "CapacitorDevice (from `../../node_modules/@capacitor/device`)"
  - "CapacitorTextZoom (from `../../node_modules/@capacitor/text-zoom`)"
  - "CapgoNativeAudio (from `../../node_modules/@capgo/native-audio`)"
  - CordovaPlugins (from `../capacitor-cordova-ios-plugins`)

SPEC REPOS:
  trunk:
    - SQLCipher
    - ZIPFoundation

EXTERNAL SOURCES:
  Capacitor:
    :path: "../../node_modules/@capacitor/ios"
  CapacitorApp:
    :path: "../../node_modules/@capacitor/app"
  CapacitorCamera:
    :path: "../../node_modules/@capacitor/camera"
  CapacitorCommunityKeepAwake:
    :path: "../../node_modules/@capacitor-community/keep-awake"
  CapacitorCommunityScreenBrightness:
    :path: "../../node_modules/@capacitor-community/screen-brightness"
  CapacitorCommunitySqlite:
    :path: "../../node_modules/@capacitor-community/sqlite"
  CapacitorCordova:
    :path: "../../node_modules/@capacitor/ios"
  CapacitorDevice:
    :path: "../../node_modules/@capacitor/device"
  CapacitorTextZoom:
    :path: "../../node_modules/@capacitor/text-zoom"
  CapgoNativeAudio:
    :path: "../../node_modules/@capgo/native-audio"
  CordovaPlugins:
    :path: "../capacitor-cordova-ios-plugins"

SPEC CHECKSUMS:
  Capacitor: 8a9db42d105f55843cd8ed2a3cb54e2b78e7f102
  CapacitorApp: 024e1b1bea5f883d79f6330d309bc441c88ad04a
  CapacitorCamera: 084b0b228bba7d00587910337b1c89e93b1d32ab
  CapacitorCommunityKeepAwake: f3442e3e9b666dd0162522fbd053da1fe81ede20
  CapacitorCommunityScreenBrightness: b2d9c6fffee6b684994cd69f727f2090e2f05c6d
  CapacitorCommunitySqlite: b1436663feae8354cfa29720428bc9d9029f3a8c
  CapacitorCordova: cfcc06b698481da655415985eeb2b8da363f8451
  CapacitorDevice: 2c968f98a1ec4d22357418c1521e7ddc46c675e6
  CapacitorTextZoom: bd623313a291bc1f38cdc01bd94c39b2b48d794a
  CapgoNativeAudio: a16cca262ee9c5ad11c752e14942ba54812ec0c1
  CordovaPlugins: ff237a5fad1b7d53d42f6b2e125b767e0350ed9e
  SQLCipher: 57fa9f863fa4a3ed9dd3c90ace52315db8c0fdca
  ZIPFoundation: d170fa8e270b2a32bef9dcdcabff5b8f1a5deced

PODFILE CHECKSUM: f8fe3c7aa16c121687650f82200b0b0ef73cc16c

COCOAPODS: 1.12.1
