PODS:
  - Capacitor (8.0.0):
    - CapacitorCordova
  - CapacitorApp (8.0.0):
    - Capacitor
  - CapacitorCamera (8.0.0):
    - Capacitor
  - CapacitorCommunityKeepAwake (8.0.0):
    - Capacitor
  - CapacitorCommunitySafeArea (8.0.1):
    - Capacitor
  - CapacitorCommunityScreenBrightness (8.0.0):
    - Capacitor
  - CapacitorCordova (8.0.0)
  - CapacitorDevice (8.0.0):
    - Capacitor
  - CapacitorEmailComposer (7.0.2):
    - Capacitor
  - CapacitorShare (8.0.0):
    - Capacitor
  - CapacitorTextZoom (8.0.0):
    - Capacitor
  - CapawesomeCapacitorAppUpdate (8.0.0):
    - Capacitor
  - CapgoBackgroundGeolocation (8.0.4):
    - Capacitor
  - CordovaPlugins (8.0.0):
    - CapacitorCordova
  - CordovaPluginsResources (0.0.105)
  - PurchasesHybridCommon (17.25.0):
    - RevenueCat (= 5.51.1)
  - RevenueCat (5.51.1)
  - RevenuecatPurchasesCapacitor (12.0.0):
    - Capacitor
    - PurchasesHybridCommon (= 17.25.0)

DEPENDENCIES:
  - "Capacitor (from `../../node_modules/@capacitor/ios`)"
  - "CapacitorApp (from `../../node_modules/@capacitor/app`)"
  - "CapacitorCamera (from `../../node_modules/@capacitor/camera`)"
  - "CapacitorCommunityKeepAwake (from `../../node_modules/@capacitor-community/keep-awake`)"
  - "CapacitorCommunitySafeArea (from `../../node_modules/@capacitor-community/safe-area`)"
  - "CapacitorCommunityScreenBrightness (from `../../node_modules/@capacitor-community/screen-brightness`)"
  - "CapacitorCordova (from `../../node_modules/@capacitor/ios`)"
  - "CapacitorDevice (from `../../node_modules/@capacitor/device`)"
  - CapacitorEmailComposer (from `../../node_modules/capacitor-email-composer`)
  - "CapacitorShare (from `../../node_modules/@capacitor/share`)"
  - "CapacitorTextZoom (from `../../node_modules/@capacitor/text-zoom`)"
  - "CapawesomeCapacitorAppUpdate (from `../../node_modules/@capawesome/capacitor-app-update`)"
  - "CapgoBackgroundGeolocation (from `../../node_modules/@capgo/background-geolocation`)"
  - CordovaPlugins (from `../capacitor-cordova-ios-plugins`)
  - CordovaPluginsResources (from `../capacitor-cordova-ios-plugins`)
  - "RevenuecatPurchasesCapacitor (from `../../node_modules/@revenuecat/purchases-capacitor`)"

SPEC REPOS:
  trunk:
    - PurchasesHybridCommon
    - RevenueCat

EXTERNAL SOURCES:
  Capacitor:
    :path: "../../node_modules/@capacitor/ios"
  CapacitorApp:
    :path: "../../node_modules/@capacitor/app"
  CapacitorCamera:
    :path: "../../node_modules/@capacitor/camera"
  CapacitorCommunityKeepAwake:
    :path: "../../node_modules/@capacitor-community/keep-awake"
  CapacitorCommunitySafeArea:
    :path: "../../node_modules/@capacitor-community/safe-area"
  CapacitorCommunityScreenBrightness:
    :path: "../../node_modules/@capacitor-community/screen-brightness"
  CapacitorCordova:
    :path: "../../node_modules/@capacitor/ios"
  CapacitorDevice:
    :path: "../../node_modules/@capacitor/device"
  CapacitorEmailComposer:
    :path: "../../node_modules/capacitor-email-composer"
  CapacitorShare:
    :path: "../../node_modules/@capacitor/share"
  CapacitorTextZoom:
    :path: "../../node_modules/@capacitor/text-zoom"
  CapawesomeCapacitorAppUpdate:
    :path: "../../node_modules/@capawesome/capacitor-app-update"
  CapgoBackgroundGeolocation:
    :path: "../../node_modules/@capgo/background-geolocation"
  CordovaPlugins:
    :path: "../capacitor-cordova-ios-plugins"
  CordovaPluginsResources:
    :path: "../capacitor-cordova-ios-plugins"
  RevenuecatPurchasesCapacitor:
    :path: "../../node_modules/@revenuecat/purchases-capacitor"

SPEC CHECKSUMS:
  Capacitor: 341ff7cf652ec695d1a8ebf604db448ac7b6d635
  CapacitorApp: 3963a84197280757b84f126afd1520a85ae3b092
  CapacitorCamera: 592acb7ab9fb748e2d8571eb03af30ec4e1ace12
  CapacitorCommunityKeepAwake: 332bf035bbdf0b1c244fd492b35a8a06c8802111
  CapacitorCommunitySafeArea: 91738f4ae7f47d2d94e06e429e16fb73cd8fdc48
  CapacitorCommunityScreenBrightness: e4075e1181f7e88259edb8b1e3b9a209e1144d45
  CapacitorCordova: 5dc3912d25ef770a3fe0f431bb65c9fbfa2e92f9
  CapacitorDevice: 9a16fb36a19ff391bf75afbe3cf16f883b3b3aa0
  CapacitorEmailComposer: 47e488b85f3a4400e3b616fe56b5b9f65a4aa2f3
  CapacitorShare: 12f1d192170cbcf9f108fd675ac8e343761a4638
  CapacitorTextZoom: bceaf076f134e188f8fd36ff74ef18a7d2bdb160
  CapawesomeCapacitorAppUpdate: d62dfb474a41faac83aaa3b82da7bfbff3a22f2b
  CapgoBackgroundGeolocation: a8653893156d2a42e5da50f792510ceb6bac6c16
  CordovaPlugins: 54820660bc6a13b3c07a3432df56a8c5a1410931
  CordovaPluginsResources: da93847212bf7b16ba770e4d6c3e7dba820174c7
  PurchasesHybridCommon: 6a79a873ab52f777bfa36e9516f3fcd84d3b3428
  RevenueCat: eab035bbab271faccfef5c36eaff2a1ffef14dc0
  RevenuecatPurchasesCapacitor: dabd704d01e9c703745936082140408c75219198

PODFILE CHECKSUM: 569629496812df32308323199c4b4ce929516802

COCOAPODS: 1.16.2
