{
  "originHash" : "e963cf86a6a7ba0c43b85893214e5f9f67c856b994aa34b4bcb36cf3a8e27a1b",
  "pins" : [
    {
      "identity" : "anycodable",
      "kind" : "remoteSourceControl",
      "location" : "https://github.com/Flight-School/AnyCodable",
      "state" : {
        "revision" : "862808b2070cd908cb04f9aafe7de83d35f81b05",
        "version" : "0.6.7"
      }
    },
    {
      "identity" : "capacitor-swift-pm",
      "kind" : "remoteSourceControl",
      "location" : "https://github.com/ionic-team/capacitor-swift-pm.git",
      "state" : {
        "revision" : "4f71d0b979f2f957326f04353eca7604ee937e1e",
        "version" : "8.5.0"
      }
    },
    {
      "identity" : "ion-ios-camera",
      "kind" : "remoteSourceControl",
      "location" : "https://github.com/ionic-team/ion-ios-camera.git",
      "state" : {
        "revision" : "9068b2cc9584bfa118c185b8032bbebb3a4a2174",
        "version" : "1.0.5"
      }
    },
    {
      "identity" : "ion-ios-filesystem",
      "kind" : "remoteSourceControl",
      "location" : "https://github.com/ionic-team/ion-ios-filesystem.git",
      "state" : {
        "revision" : "0d81e26e828ff9582807e2339112cedf2e0fab85",
        "version" : "1.1.2"
      }
    },
    {
      "identity" : "light-swift-untar",
      "kind" : "remoteSourceControl",
      "location" : "https://github.com/UInt2048/Light-Swift-Untar.git",
      "state" : {
        "revision" : "fcff1f1b82373ea64b9565a364f63ffe7fdecf9f",
        "version" : "1.0.4"
      }
    },
    {
      "identity" : "maplibre-contour-rs",
      "kind" : "remoteSourceControl",
      "location" : "https://github.com/mapeak-com/maplibre-contour-rs",
      "state" : {
        "revision" : "371a6c4fab691013935260046973a1afc507df6e",
        "version" : "0.4.2"
      }
    },
    {
      "identity" : "maplibre-gl-native-distribution",
      "kind" : "remoteSourceControl",
      "location" : "https://github.com/maplibre/maplibre-gl-native-distribution",
      "state" : {
        "revision" : "5ee345ca5d65238a6fce29bba87816204be7df20",
        "version" : "6.28.0"
      }
    },
    {
      "identity" : "pmtiles-mobile",
      "kind" : "remoteSourceControl",
      "location" : "https://github.com/mapeak-com/pmtiles-mobile",
      "state" : {
        "revision" : "69de95726314d81059c7e609dd865be719db94b3",
        "version" : "0.3.3"
      }
    },
    {
      "identity" : "purchases-hybrid-common",
      "kind" : "remoteSourceControl",
      "location" : "https://github.com/RevenueCat/purchases-hybrid-common.git",
      "state" : {
        "revision" : "5001785fce0bfdfbcc260c8422f60f0a26a81f47",
        "version" : "18.29.0"
      }
    },
    {
      "identity" : "purchases-ios-spm",
      "kind" : "remoteSourceControl",
      "location" : "https://github.com/RevenueCat/purchases-ios-spm",
      "state" : {
        "revision" : "c69a23f56c63bdfe96096fa64a1c65334d2592db",
        "version" : "5.83.0"
      }
    },
    {
      "identity" : "valhalla-mobile",
      "kind" : "remoteSourceControl",
      "location" : "https://github.com/Rallista/valhalla-mobile.git",
      "state" : {
        "revision" : "7171475f7567d1f7551cd9908d6092be004a2bbb",
        "version" : "0.6.0"
      }
    },
    {
      "identity" : "valhalla-openapi-models-swift",
      "kind" : "remoteSourceControl",
      "location" : "https://github.com/Rallista/valhalla-openapi-models-swift.git",
      "state" : {
        "revision" : "3b24aab4fd94eb507722e9bd339e97482475c1e9",
        "version" : "0.5.0"
      }
    }
  ],
  "version" : 3
}
