{
  "originHash" : "e963cf86a6a7ba0c43b85893214e5f9f67c856b994aa34b4bcb36cf3a8e27a1b",
  "pins" : [
    {
      "identity" : "anycodable",
      "kind" : "remoteSourceControl",
      "location" : "https://github.com/Flight-School/AnyCodable",
      "state" : {
        "revision" : "862808b2070cd908cb04f9aafe7de83d35f81b05",
        "version" : "0.6.7"
      }
    },
    {
      "identity" : "capacitor-swift-pm",
      "kind" : "remoteSourceControl",
      "location" : "https://github.com/ionic-team/capacitor-swift-pm.git",
      "state" : {
        "revision" : "0b6882e9a3288342aacf36348e5a94e4f1dd7b13",
        "version" : "8.5.2"
      }
    },
    {
      "identity" : "ion-ios-camera",
      "kind" : "remoteSourceControl",
      "location" : "https://github.com/ionic-team/ion-ios-camera.git",
      "state" : {
        "revision" : "00c3dfdd6267f80db299d9c5a0bad522156b6cbc",
        "version" : "2.0.0"
      }
    },
    {
      "identity" : "ion-ios-filesystem",
      "kind" : "remoteSourceControl",
      "location" : "https://github.com/ionic-team/ion-ios-filesystem.git",
      "state" : {
        "revision" : "13848aab4f3447ff98dfdbe72ff8ef31bf333db0",
        "version" : "2.0.0"
      }
    },
    {
      "identity" : "light-swift-untar",
      "kind" : "remoteSourceControl",
      "location" : "https://github.com/UInt2048/Light-Swift-Untar.git",
      "state" : {
        "revision" : "fcff1f1b82373ea64b9565a364f63ffe7fdecf9f",
        "version" : "1.0.4"
      }
    },
    {
      "identity" : "maplibre-contour-rs",
      "kind" : "remoteSourceControl",
      "location" : "https://github.com/mapeak-com/maplibre-contour-rs",
      "state" : {
        "revision" : "371a6c4fab691013935260046973a1afc507df6e",
        "version" : "0.4.2"
      }
    },
    {
      "identity" : "maplibre-gl-native-distribution",
      "kind" : "remoteSourceControl",
      "location" : "https://github.com/maplibre/maplibre-gl-native-distribution",
      "state" : {
        "revision" : "5ee345ca5d65238a6fce29bba87816204be7df20",
        "version" : "6.28.0"
      }
    },
    {
      "identity" : "pmtiles-mobile",
      "kind" : "remoteSourceControl",
      "location" : "https://github.com/mapeak-com/pmtiles-mobile",
      "state" : {
        "revision" : "c099fedbf8ffbb0f8cc147231c2ccfb112c0a962",
        "version" : "0.3.4"
      }
    },
    {
      "identity" : "purchases-hybrid-common",
      "kind" : "remoteSourceControl",
      "location" : "https://github.com/RevenueCat/purchases-hybrid-common.git",
      "state" : {
        "revision" : "eee737f5d90ab332fed23104ea815466b2ecc290",
        "version" : "19.5.0"
      }
    },
    {
      "identity" : "purchases-ios-spm",
      "kind" : "remoteSourceControl",
      "location" : "https://github.com/RevenueCat/purchases-ios-spm",
      "state" : {
        "revision" : "e45bb84b726885492ce4e7ee94ddb252d171a205",
        "version" : "5.92.0"
      }
    },
    {
      "identity" : "valhalla-mobile",
      "kind" : "remoteSourceControl",
      "location" : "https://github.com/Rallista/valhalla-mobile.git",
      "state" : {
        "revision" : "852dd75c356ecbcd0fa693dcbdd7178059013f4c",
        "version" : "0.6.4"
      }
    },
    {
      "identity" : "valhalla-openapi-models-swift",
      "kind" : "remoteSourceControl",
      "location" : "https://github.com/Rallista/valhalla-openapi-models-swift.git",
      "state" : {
        "revision" : "a6e37f5e2c0c6a5e5f29721dfd420ffd0d4fcbb4",
        "version" : "0.6.0"
      }
    }
  ],
  "version" : 3
}
