{
  "originHash" : "7608cbab75537ac38f68475d09e70ac6e73fed2e2990687efd2d860d71766c04",
  "pins" : [
    {
      "identity" : "maplibre-contour-rs",
      "kind" : "remoteSourceControl",
      "location" : "https://github.com/Mapeak-com/maplibre-contour-rs",
      "state" : {
        "revision" : "494aed8b694e8f75abc8958cdf9e05902bc46feb",
        "version" : "0.4.1"
      }
    },
    {
      "identity" : "pmtiles-mobile",
      "kind" : "remoteSourceControl",
      "location" : "https://github.com/mapeak-com/pmtiles-mobile.git",
      "state" : {
        "revision" : "50237542419cc5c3f61a520e653813c9db1ecc98",
        "version" : "0.3.2"
      }
    }
  ],
  "version" : 3
}
