{
  "originHash" : "775e45fde9c60facfe4ff83455bb608ee92c715d14fcb50957bfbbb4baf8f19a",
  "pins" : [
    {
      "identity" : "pmtiles-mobile",
      "kind" : "remoteSourceControl",
      "location" : "https://github.com/mapeak-com/pmtiles-mobile.git",
      "state" : {
        "revision" : "8fa64bdf47f25aaf08115f5639725b734f6a3b67",
        "version" : "0.3.1"
      }
    }
  ],
  "version" : 3
}
